{
    "_meta": {
        "hash": {
            "sha256": "e7eee8f8ad76d62ef30cef71a4d0c1e038d9d9f829b9e8dbc46dd6727bf8b687"
        },
        "pipfile-spec": 6,
        "requires": {
            "python_version": "3.7"
        },
        "sources": [
            {
                "name": "pypi",
                "url": "https://pypi.org/simple",
                "verify_ssl": true
            }
        ]
    },
    "default": {
        "certifi": {
            "hashes": [
                "sha256:2bbf76fd432960138b3ef6dda3dde0544f27cbf8546c458e60baf371917ba9ee",
                "sha256:50b1e4f8446b06f41be7dd6338db18e0990601dce795c2b1686458aa7e8fa7d8"
            ],
            "version": "==2021.5.30"
        },
        "chardet": {
            "hashes": [
                "sha256:0d6f53a15db4120f2b08c94f11e7d93d2c911ee118b6b30a04ec3ee8310179fa",
                "sha256:f864054d66fd9118f2e67044ac8981a54775ec5b67aed0441892edb553d21da5"
            ],
            "version": "==4.0.0"
        },
        "cython": {
            "hashes": [
                "sha256:00faa77500ca2f865fd7f3126f86e77de3ec0d855dd6cf92fc85b57ebed11655",
                "sha256:14e218a93d4f2e43e0063a5a0f7f26fe1783d5d20700216c5c4ff092c4553488",
                "sha256:179ad5569dc101e3e0d9d04305f9a5e03fbf8acf9d93fb543340f8c1a8fb054b",
                "sha256:20cdf3f918c46355128d7c7cb041872ba2863cc11313972c6e390bd3dad968ba",
                "sha256:2a98c9f852b266f0b9a147da4b6699cf6da24b817375f74d51986312373689ab",
                "sha256:3950ae725472ae47bfb41c6bfdb3869a8ac27b5f30405f599a51398512afa224",
                "sha256:4dbb58f963f6283b31b4ddac44e4f684527b06923efdec72ecb54e70ee91c766",
                "sha256:4e8d351ee840a4e491f8f0a64da19923ada0ce09d2d818bce0ae6ce1b6837aeb",
                "sha256:4f35752adfd4855d39e38bf08eb6d02f7aa88b1bb420ab86e6d2e37ccd7c88c2",
                "sha256:5c501742a92cbcef8f3c21d1dcba9c073b37f1218af3586957901730ac6b6665",
                "sha256:6361588cb1d82875bcfbad83d7dd66c442099759f895cf547995f00601f9caf2",
                "sha256:719eddf050a1c8b0abbd74b0c388523cf618c3d9fe3bf20a350f4eafa43776e6",
                "sha256:785d6e88a3bb10ce6425d23f0a740a21b0bfc9e8d371fea7edba0eaa0ec57d96",
                "sha256:788192badd3b1ebb1a72a5c6cc2a07b692ca4c1c1fe4431fdd3c0e439e2c0a6d",
                "sha256:7c8ac5bc9726ccb1a1cce1af4ceb7589228db6c57ada3bfcd461075abe3a6a7b",
                "sha256:7cec6bd82fd92f85790908fdc7a43a8a5442606e6d771d5b32a1ab8a39ad1a65",
                "sha256:7d597733ad0e7fc545df39100ee3b24290ce35586466dee4fa6018d4b8815d72",
                "sha256:809896928abce18e7c91a28b2705473ca4f15b9a53f433495845a882e15c09d8",
                "sha256:8135cc7de72805833a118e7c8a255daddd35875d17ea21f6c356200b0fa4b732",
                "sha256:86ae455b1dd7041b4b8a15499fe72f3d3f990f78a794deb799ee2ef7db389ca0",
                "sha256:8ef49cafea89d99ffc2cf37af2f0f2b7d219080574f14a422f701bcaa85c7167",
                "sha256:96d18413a33aa5ce51a5554615ba01e3fdb26126d8678459330d052f0bdf60ec",
                "sha256:a5ebd8fe5a3d97924bd89d449914d1c5b6d084f4b124a4eb28e4412d09fb0f20",
                "sha256:b19a1aa98192d44d7254613a1f9c382ef381deb79289f2ff446d1447d19085aa",
                "sha256:b6f7d2cf2f6b246fd04696d6d346489628f94f72a4988682ea0591b632370a1f",
                "sha256:c56f658ab6f387619a3668cd78cf2d3459324d9ea3cb39cce4d72ef5bce8f318",
                "sha256:c68f3015cbb0f5bc402829bad0a6b907889413f2e28cc0873dc1443de0f1a808",
                "sha256:c78fd0bdf5915f4df730298e6cc7197e4c6aa5285d7c37491366a38125b3e0ab",
                "sha256:dcfee6312cf8f4f4839bae22f323a0e885c4237e2187202ab12def8a5460ca4c",
                "sha256:e146b4b4ed4937a40e9e5c27b264adfce4ae4b7640d46eeffd3eef123b0170a2",
                "sha256:ea75bbc076d4a5605d04c72c8c7a933f51473b0bcecd79295256b9ecd75cca49",
                "sha256:f7b20838f2534ad0d231c4c6e09acbdd40fb995a9671bb05839f7879093ec5e3",
                "sha256:fce2e7f500b1456f96d5b8ceefba243cae7018ad8b3f791e62c20a0f0fbba71c"
            ],
            "index": "pypi",
            "version": "==0.29.17"
        },
        "docutils": {
            "hashes": [
                "sha256:0c5b78adfbf7762415433f5515cd5c9e762339e23369dbe8000d84a4bf4ab3af",
                "sha256:c2de3a60e9e7d07be26b7f2b00ca0309c207e06c100f9cc2a94931fc75a478fc"
            ],
            "index": "pypi",
            "version": "==0.16"
        },
        "idna": {
            "hashes": [
                "sha256:b307872f855b18632ce0c21c5e45be78c0ea7ae4c15c828c20788b26921eb3f6",
                "sha256:b97d804b1e9b523befed77c48dacec60e6dcb0b5391d57af6a65a312a90648c0"
            ],
            "version": "==2.10"
        },
        "kivy": {
            "hashes": [
                "sha256:090d3ded9835a17477cd93fbdaf0a7c42ff2218981cf198ded5ad8795bc74391",
                "sha256:11e85eaf6efbfa2362a3334ffdad179a1b0ca8d255cca79eaa6a2765560d4982",
                "sha256:1a1ff32f8a95f1e175198cbab81fcd2596783b180d4eafe63e87d171aa7fdb5e",
                "sha256:1d28b198a64c30db8d94a0488e85f3037af60d514ab0d7ad5ab45add3ab77090",
                "sha256:4a5480cbf837d3780c77a4f61b32b56d22ae9f03845e7a89dd3eaef1ae5fd037",
                "sha256:4d0e596f74271e901b551f77661dde238df4765484fce9f5d1c72e8022984e84",
                "sha256:5c3d0f2749522d62e9cce09cd54b2d823bf1b6b644ff1f627be49de6f3e3cba0",
                "sha256:815a5c0b3b72fcd81ca7b2aa0744087163ed03e4cf9ab4e7c9733cea99fc1571",
                "sha256:8819a27a09871af451760cb69486ced52e830c8a0a37480f22ef5e692f12c05b",
                "sha256:a687602d90c4629dd036f577ca39acb76ba581370f9d915f3cab99be818ba8ad",
                "sha256:b7ef6aad43a86d8df3fb865db864e354f2155a748019f8517f69f65c1a29cb64",
                "sha256:b85ccf165050cbf2ee8447671eebbc222b369b40f0e0038dd9547d49a5e37373",
                "sha256:c36652caa7f6c327dee834cfc699d5962d346b7a53e54bd81abc17c314226d89",
                "sha256:ece170514db3f49844a41e4c910ad9ce9bc46da6f47a49158e11266bdcc6e479",
                "sha256:f3bea6e4a21991827885d04127fc6d09a0e974ecfa12da7bf5faae93562ea102",
                "sha256:f835462dd9aa491272552ef079b948a088598e2e95d68bb1d885d2c3f3d4e2c3"
            ],
            "index": "pypi",
            "version": "==1.11.1"
        },
        "kivy-deps-angle": {
            "hashes": [
                "sha256:04070b15c7739bda6e4d6fd168c8c13601f7b399be67c0d149c6caa95d67b983",
                "sha256:1b576b9250424cc130815c204a6edbc27b6b72749162164231cfa1fd7e849ebb",
                "sha256:4b290b7d4abe635e4becafb1cb82d5cc6e39b0dcb57ade2ad0355bd00f2025a3",
                "sha256:59d6b482c34acf7be20dc7faa10956ba2fe72ae431cf284f59a0fd585270d103",
                "sha256:5f2feffe5a608467a92acb40ae55bd0d22bd9148f69f9fe483bdfac04833f779",
                "sha256:5ffde649916b8c044211fbdf70328dc5ec804f5995cf8d2e300a5bd82eede80e",
                "sha256:7820c09635efd04f0209ee124c18789849e0d5c7e7fbbdd5531c77e72576c14f",
                "sha256:960345cc9d04ce9753832ae70277dea4f9915518a25e5e9a87f8c45d96be3189"
            ],
            "index": "pypi",
            "version": "==0.1.10"
        },
        "kivy-deps-glew": {
            "hashes": [
                "sha256:09f72ee5ef33ff273332e2a229dc97d650d29818a0189339421949e4e0f63d93",
                "sha256:1e28e40017af9d081fc0fc95b4fadaf31d15e9f63478dcee1c4257d67079894e",
                "sha256:45aa7f0e8d9bcf5fc1810c9c38bc20edf7dee61df81ecf62102e0f84153f924a",
                "sha256:6bb435620c3187d2c61054adb9ec277ed487256b457a0a7b1491bc0cb7247e18",
                "sha256:92e72fa2c425887987d1aa861c99537033dc20d68ae1c54864871f0401682586",
                "sha256:ab81783a82bef88a8d2bcf8a93bc21df6b8b0db6ee551eb802727d18f9074b17",
                "sha256:c843104690c0c8f3a58105c53c57f31506f6f90562c18de00bd19317cc1045a7",
                "sha256:cf351aad171796f8051af8e49ec430a9aa128d8557d8643e73f2bb1e5f9c2dab",
                "sha256:ee8ab67abb2c98d84feede657cae472e7723e529af07394244bdd33caafb1a38",
                "sha256:ef1116d99bd9cc737cb8c0e13e676955c17d6e4d6d1af5cfccef089a430071bb"
            ],
            "index": "pypi",
            "version": "==0.1.12"
        },
        "kivy-deps-sdl2": {
            "hashes": [
                "sha256:26fc22b3b81108b3884a0ab6f16b02e994f0b988d1741198872f94e701656f13",
                "sha256:279cba34c8084e81908a5339c35420a20cac68f21b136caa110661c60054042b",
                "sha256:2ddad419c6fdc040b78a654218dbffeb61e83b860607e7feaf3e40c00c3e253b",
                "sha256:3473d59b9a02f942432a04664bf2e8170e755056b5e1279dc7471723145c6649",
                "sha256:4deb64ce22ad480d0802483841a81562f5c5df101b268b0dde7bf85518cf38fd",
                "sha256:879db11eb3999b4682a6f2458a8741a99dfd6b977266e4333f539084d08f4bd9",
                "sha256:8c0d381f01e5336a9dcd0bfe33b5a4be69464b69248b57e44740b3f365bc13e6",
                "sha256:da37157b6aaf658053445519d63bd586aceb0d256183481961e33d7eee4697eb"
            ],
            "index": "pypi",
            "version": "==0.1.23"
        },
        "kivy-garden": {
            "hashes": [
                "sha256:c256f42788421273a08fbb0a228f0fb0e80dd86b629fb8c0920507f645be6c72"
            ],
            "version": "==0.1.4"
        },
        "pathlib": {
            "hashes": [
                "sha256:6940718dfc3eff4258203ad5021090933e5c04707d5ca8cc9e73c94a7894ea9f"
            ],
            "index": "pypi",
            "version": "==1.0.1"
        },
        "pillow": {
            "hashes": [
                "sha256:01425106e4e8cee195a411f729cff2a7d61813b0b11737c12bd5991f5f14bcd5",
                "sha256:031a6c88c77d08aab84fecc05c3cde8414cd6f8406f4d2b16fed1e97634cc8a4",
                "sha256:083781abd261bdabf090ad07bb69f8f5599943ddb539d64497ed021b2a67e5a9",
                "sha256:0d19d70ee7c2ba97631bae1e7d4725cdb2ecf238178096e8c82ee481e189168a",
                "sha256:0e04d61f0064b545b989126197930807c86bcbd4534d39168f4aa5fda39bb8f9",
                "sha256:12e5e7471f9b637762453da74e390e56cc43e486a88289995c1f4c1dc0bfe727",
                "sha256:22fd0f42ad15dfdde6c581347eaa4adb9a6fc4b865f90b23378aa7914895e120",
                "sha256:238c197fc275b475e87c1453b05b467d2d02c2915fdfdd4af126145ff2e4610c",
                "sha256:3b570f84a6161cf8865c4e08adf629441f56e32f180f7aa4ccbd2e0a5a02cba2",
                "sha256:463822e2f0d81459e113372a168f2ff59723e78528f91f0bd25680ac185cf797",
                "sha256:4d98abdd6b1e3bf1a1cbb14c3895226816e666749ac040c4e2554231068c639b",
                "sha256:5afe6b237a0b81bd54b53f835a153770802f164c5570bab5e005aad693dab87f",
                "sha256:5b70110acb39f3aff6b74cf09bb4169b167e2660dabc304c1e25b6555fa781ef",
                "sha256:5cbf3e3b1014dddc45496e8cf38b9f099c95a326275885199f427825c6522232",
                "sha256:624b977355cde8b065f6d51b98497d6cd5fbdd4f36405f7a8790e3376125e2bb",
                "sha256:63728564c1410d99e6d1ae8e3b810fe012bc440952168af0a2877e8ff5ab96b9",
                "sha256:66cc56579fd91f517290ab02c51e3a80f581aba45fd924fcdee01fa06e635812",
                "sha256:6c32cc3145928c4305d142ebec682419a6c0a8ce9e33db900027ddca1ec39178",
                "sha256:8b56553c0345ad6dcb2e9b433ae47d67f95fc23fe28a0bde15a120f25257e291",
                "sha256:8bb1e155a74e1bfbacd84555ea62fa21c58e0b4e7e6b20e4447b8d07990ac78b",
                "sha256:95d5ef984eff897850f3a83883363da64aae1000e79cb3c321915468e8c6add5",
                "sha256:a013cbe25d20c2e0c4e85a9daf438f85121a4d0344ddc76e33fd7e3965d9af4b",
                "sha256:a787ab10d7bb5494e5f76536ac460741788f1fbce851068d73a87ca7c35fc3e1",
                "sha256:a7d5e9fad90eff8f6f6106d3b98b553a88b6f976e51fce287192a5d2d5363713",
                "sha256:aac00e4bc94d1b7813fe882c28990c1bc2f9d0e1aa765a5f2b516e8a6a16a9e4",
                "sha256:b91c36492a4bbb1ee855b7d16fe51379e5f96b85692dc8210831fbb24c43e484",
                "sha256:c03c07ed32c5324939b19e36ae5f75c660c81461e312a41aea30acdd46f93a7c",
                "sha256:c5236606e8570542ed424849f7852a0ff0bce2c4c8d0ba05cc202a5a9c97dee9",
                "sha256:c6b39294464b03457f9064e98c124e09008b35a62e3189d3513e5148611c9388",
                "sha256:cb7a09e173903541fa888ba010c345893cd9fc1b5891aaf060f6ca77b6a3722d",
                "sha256:d68cb92c408261f806b15923834203f024110a2e2872ecb0bd2a110f89d3c602",
                "sha256:dc38f57d8f20f06dd7c3161c59ca2c86893632623f33a42d592f097b00f720a9",
                "sha256:e98eca29a05913e82177b3ba3d198b1728e164869c613d76d0de4bde6768a50e",
                "sha256:f217c3954ce5fd88303fc0c317af55d5e0204106d86dea17eb8205700d47dec2"
            ],
            "version": "==8.2.0"
        },
        "pygments": {
            "hashes": [
                "sha256:647344a061c249a3b74e230c739f434d7ea4d8b1d5f3721bc0f3558049b38f44",
                "sha256:ff7a40b4860b727ab48fad6360eb351cc1b33cbf9b15a0f689ca5353e9463324"
            ],
            "index": "pypi",
            "version": "==2.6.1"
        },
        "pypiwin32": {
            "hashes": [
                "sha256:67adf399debc1d5d14dffc1ab5acacb800da569754fafdc576b2a039485aa775",
                "sha256:71be40c1fbd28594214ecaecb58e7aa8b708eabfa0125c8a109ebd51edbd776a"
            ],
            "index": "pypi",
            "version": "==223"
        },
        "pytesseract": {
            "hashes": [
                "sha256:afd8a5cdf8ab5d35690efbe71cbf5f89419f668ea8dde7649149815d5c5a899a"
            ],
            "index": "pypi",
            "version": "==0.3.4"
        },
        "pywin32": {
            "hashes": [
                "sha256:595d397df65f1b2e0beaca63a883ae6d8b6df1cdea85c16ae85f6d2e648133fe",
                "sha256:87604a4087434cd814ad8973bd47d6524bd1fa9e971ce428e76b62a5e0860fdf",
                "sha256:88981dd3cfb07432625b180f49bf4e179fb8cbb5704cd512e38dd63636af7a17",
                "sha256:8c9d33968aa7fcddf44e47750e18f3d034c3e443a707688a008a2e52bbef7e96",
                "sha256:93367c96e3a76dfe5003d8291ae16454ca7d84bb24d721e0b74a07610b7be4a7",
                "sha256:9635df6998a70282bd36e7ac2a5cef9ead1627b0a63b17c731312c7a0daebb72",
                "sha256:98f62a3f60aa64894a290fb7494bfa0bfa0a199e9e052e1ac293b2ad3cd2818b",
                "sha256:c866f04a182a8cb9b7855de065113bbd2e40524f570db73ef1ee99ff0a5cc2f0",
                "sha256:dafa18e95bf2a92f298fe9c582b0e205aca45c55f989937c52c454ce65b93c78",
                "sha256:fb3b4933e0382ba49305cc6cd3fb18525df7fd96aa434de19ce0878133bf8e4a"
            ],
            "version": "==301"
        },
        "requests": {
            "hashes": [
                "sha256:27973dd4a904a4f13b263a19c866c13b92a39ed1c964655f025f3f8d3d75b804",
                "sha256:c210084e36a42ae6b9219e00e48287def368a26d03a048ddad7bfee44f75871e"
            ],
            "version": "==2.25.1"
        },
        "urllib3": {
            "hashes": [
                "sha256:753a0374df26658f99d826cfe40394a686d05985786d946fbe4165b5148f5a7c",
                "sha256:a7acd0977125325f516bda9735fa7142b909a8d01e8b2e4c8108d0984e6e0098"
            ],
            "index": "pypi",
            "version": "==1.26.5"
        }
    },
    "develop": {}
}
